<?xml version="1.0" encoding="utf-8"?>
<Project ToolsVersion="4.0" xmlns="http://schemas.microsoft.com/developer/msbuild/2003">
  <ItemGroup>
    <Filter Include="Quelldateien">
      <UniqueIdentifier>{4FC737F1-C7A5-4376-A066-2A32D752A2FF}</UniqueIdentifier>
      <Extensions>cpp;c;cc;cxx;c++;cppm;ixx;def;odl;idl;hpj;bat;asm;asmx</Extensions>
    </Filter>
    <Filter Include="Headers">
      <UniqueIdentifier>{71e62a6a-5b6e-42eb-af3a-1282b8bd4369}</UniqueIdentifier>
    </Filter>
    <Filter Include="External">
      <UniqueIdentifier>{93995380-89BD-4b04-88EB-625FBE52EBFB}</UniqueIdentifier>
      <Extensions>h;hh;hpp;hxx;h++;hm;inl;inc;ipp;xsd</Extensions>
    </Filter>
    <Filter Include="External\Minhook">
      <UniqueIdentifier>{b0c4d6a6-7063-486a-8e46-c44b4a20e916}</UniqueIdentifier>
    </Filter>
    <Filter Include="External\Utils">
      <UniqueIdentifier>{67DA6AB6-F800-4c08-8B7A-83BB121AAD01}</UniqueIdentifier>
      <Extensions>rc;ico;cur;bmp;dlg;rc2;rct;bin;rgs;gif;jpg;jpeg;jpe;resx;tiff;tif;png;wav;mfcribbon-ms</Extensions>
    </Filter>
  </ItemGroup>
  <ItemGroup>
    <ClCompile Include="dll-main.cpp">
      <Filter>Quelldateien</Filter>
    </ClCompile>
    <ClCompile Include="SDK\FN_FortniteGame_functions.cpp">
      <Filter>External</Filter>
    </ClCompile>
    <ClCompile Include="SDK\FN_CoreUObject_functions.cpp">
      <Filter>External</Filter>
    </ClCompile>
    <ClCompile Include="SDK\FN_Engine_functions.cpp">
      <Filter>External</Filter>
    </ClCompile>
    <ClCompile Include="SDK\FN_UMG_functions.cpp">
      <Filter>External</Filter>
    </ClCompile>
    <ClCompile Include="SDK\FN_HUD_functions.cpp">
      <Filter>External</Filter>
    </ClCompile>
    <ClCompile Include="SDK\FN_HUD-PickupItemWidget_functions.cpp">
      <Filter>External</Filter>
    </ClCompile>
    <ClCompile Include="SDK\FN_Basic.cpp">
      <Filter>External</Filter>
    </ClCompile>
  </ItemGroup>
  <ItemGroup>
    <ClInclude Include="Global.h">
      <Filter>Headers</Filter>
    </ClInclude>
    <ClInclude Include="Utils.h">
      <Filter>External\Utils</Filter>
    </ClInclude>
    <ClInclude Include="Pattern.h">
      <Filter>External\Utils</Filter>
    </ClInclude>
    <ClInclude Include="Offsets.h">
      <Filter>Headers</Filter>
    </ClInclude>
    <ClInclude Include="MinHook\MinHook.h">
      <Filter>External\Minhook</Filter>
    </ClInclude>
    <ClInclude Include="Hooks.h">
      <Filter>Headers</Filter>
    </ClInclude>
    <ClInclude Include="Player.h">
      <Filter>Headers</Filter>
    </ClInclude>
    <ClInclude Include="SDK.hpp">
      <Filter>External</Filter>
    </ClInclude>
    <ClInclude Include="CheatScript.h">
      <Filter>Headers</Filter>
    </ClInclude>
  </ItemGroup>
  <ItemGroup>
    <Library Include="MinHook\libMinHook.x64.lib">
      <Filter>External\Minhook</Filter>
    </Library>
  </ItemGroup>
</Project>